{
  "name": "vconsole-dev",
  "version": "0.0.1",
  "lockfileVersion": 2,
  "requires": true,
  "packages": {
    "": {
      "name": "vconsole-dev",
      "version": "0.0.1",
      "license": "MIT",
      "dependencies": {
        "vconsole": "file:../"
      }
    },
    "..": {
      "name": "vconsole",
      "version": "3.9.4",
      "license": "MIT",
      "dependencies": {
        "@fortawesome/free-solid-svg-icons": "^5.15.3",
        "cookie-storage": "^6.1.0",
        "copy-text-to-clipboard": "^3.0.1",
        "core-js": "^3.11.0",
        "mutation-observer": "^1.0.3",
        "svelte-fa": "^2.2.1"
      },
      "devDependencies": {
        "@babel/core": "^7.14.0",
        "@babel/plugin-proposal-class-properties": "^7.13.0",
        "@babel/plugin-proposal-export-namespace-from": "^7.12.13",
        "@babel/plugin-proposal-object-rest-spread": "^7.13.8",
        "@babel/preset-env": "^7.14.1",
        "@babel/preset-typescript": "^7.13.0",
        "babel-loader": "^8.2.2",
        "babel-plugin-add-module-exports": "^1.0.4",
        "chai": "^4.3.4",
        "css-loader": "^5.2.4",
        "html-loader": "^2.1.2",
        "jsdom": "^16.5.3",
        "json-loader": "^0.5.7",
        "less": "^4.1.1",
        "less-loader": "^8.1.1",
        "style-loader": "^2.0.0",
        "svelte": "^3.38.3",
        "svelte-loader": "^3.1.2",
        "svelte-preprocess": "^4.7.4",
        "typescript": "^4.3.5",
        "webpack": "^5.44.0",
        "webpack-cli": "^4.7.0",
        "webpack-dev-server": "^3.11.2",
        "webpack-merge": "^5.7.3"
      }
    },
    "node_modules/vconsole": {
      "resolved": "..",
      "link": true
    }
  },
  "dependencies": {
    "vconsole": {
      "version": "file:..",
      "requires": {
        "@babel/core": "^7.14.0",
        "@babel/plugin-proposal-class-properties": "^7.13.0",
        "@babel/plugin-proposal-export-namespace-from": "^7.12.13",
        "@babel/plugin-proposal-object-rest-spread": "^7.13.8",
        "@babel/preset-env": "^7.14.1",
        "@babel/preset-typescript": "^7.13.0",
        "@fortawesome/free-solid-svg-icons": "^5.15.3",
        "babel-loader": "^8.2.2",
        "babel-plugin-add-module-exports": "^1.0.4",
        "chai": "^4.3.4",
        "cookie-storage": "^6.1.0",
        "copy-text-to-clipboard": "^3.0.1",
        "core-js": "^3.11.0",
        "css-loader": "^5.2.4",
        "html-loader": "^2.1.2",
        "jsdom": "^16.5.3",
        "json-loader": "^0.5.7",
        "less": "^4.1.1",
        "less-loader": "^8.1.1",
        "mutation-observer": "^1.0.3",
        "style-loader": "^2.0.0",
        "svelte": "^3.38.3",
        "svelte-fa": "^2.2.1",
        "svelte-loader": "^3.1.2",
        "svelte-preprocess": "^4.7.4",
        "typescript": "^4.3.5",
        "webpack": "^5.44.0",
        "webpack-cli": "^4.7.0",
        "webpack-dev-server": "^3.11.2",
        "webpack-merge": "^5.7.3"
      }
    }
  }
}
